<?xml version="1.0" encoding="UTF-8" standalone="yes"?>
<CodeBlocks_project_file>
  <FileVersion major="1" minor="6"/>
  <Project>
    <Option title="ccat"/>
    <Option pch_mode="2"/>
    <Option compiler="gcc"/>
    <Build>
      <Target title="Debug">
        <Option output="bin/Debug/ccat" prefix_auto="1" extension_auto="1"/>
        <Option object_output="obj/Debug/"/>
        <Option type="1"/>
        <Option compiler="gcc"/>
        <Compiler>
          <Add option="-Wextra"/>
          <Add option="-Wall"/>
          <Add option="-g3"/>
          <Add option="-ggdb"/>
          <Add option="-O0"/>
          <Add option="-DUSE_WIDECHAR=0"/>
          <Add option="-DDEBUG"/>
          <Add directory="."/>
        </Compiler>
      </Target>
      <Target title="Release">
        <Option output="bin/Release/ccat" prefix_auto="1" extension_auto="1"/>
        <Option object_output="obj/Release/"/>
        <Option type="1"/>
        <Option compiler="gcc"/>
        <Compiler>
          <Add option="-w"/>
          <Add option="-fomit-frame-pointer"/>
          <Add option="-fexpensive-optimizations"/>
          <Add option="-Os"/>
          <Add option="-ffast-math"/>
          <Add option="-DUSE_WIDECHAR=0"/>
          <Add option="-DNDEBUG=1"/>
          <Add directory="."/>
        </Compiler>
      </Target>
    </Build>
    <Compiler>
      <Add option="-DINLINE=inline"/>
      <Add option="-D_FILE_OFFSET_BITS=64"/>
      <Add option="-D_LARGEFILE_SOURCE=1"/>
      <Add option="-D_GNU_SOURCE=1"/>
      <Add option="-DHAVE_LIBBZ2=1"/>
      <Add option="-DHAVE_LIBLZMA=1"/>
      <Add option="-DHAVE_ZLIB=1"/>
    </Compiler>
    <Linker>
      <Add library="z"/>
      <Add library="bz2"/>
      <Add library="lzma"/>
      <Add library="advapi32"/>
      <Add library="ws2_32"/>
      <Add library="iphlpapi"/>
      <Add library="psapi"/>
      <Add library="shlwapi"/>
    </Linker>
    <Unit filename="ccat.c"><Option compilerVar="CC"/></Unit>
    <Unit filename="lib/buffer.h"><Option compilerVar="CC"/></Unit>
    <Unit filename="lib/buffer/buffer_0.c"><Option compilerVar="CC"/></Unit>
    <Unit filename="lib/buffer/buffer_1.c"><Option compilerVar="CC"/></Unit>
    <Unit filename="lib/buffer/buffer_2.c"><Option compilerVar="CC"/></Unit>
    <Unit filename="lib/buffer/buffer_bz2.c"><Option compilerVar="CC"/></Unit>
    <Unit filename="lib/buffer/buffer_close.c"><Option compilerVar="CC"/></Unit>
    <Unit filename="lib/buffer/buffer_deflate.c"><Option compilerVar="CC"/></Unit>
    <Unit filename="lib/buffer/buffer_dummyread.c"><Option compilerVar="CC"/></Unit>
    <Unit filename="lib/buffer/buffer_dummyreadmmap.c"><Option compilerVar="CC"/></Unit>
    <Unit filename="lib/buffer/buffer_feed.c"><Option compilerVar="CC"/></Unit>
    <Unit filename="lib/buffer/buffer_flush.c"><Option compilerVar="CC"/></Unit>
    <Unit filename="lib/buffer/buffer_free.c"><Option compilerVar="CC"/></Unit>
    <Unit filename="lib/buffer/buffer_get.c"><Option compilerVar="CC"/></Unit>
    <Unit filename="lib/buffer/buffer_inflate.c"><Option compilerVar="CC"/></Unit>
    <Unit filename="lib/buffer/buffer_init.c"><Option compilerVar="CC"/></Unit>
    <Unit filename="lib/buffer/buffer_lzma.c"><Option compilerVar="CC"/></Unit>
    <Unit filename="lib/buffer/buffer_mmapprivate.c"><Option compilerVar="CC"/></Unit>
    <Unit filename="lib/buffer/buffer_munmap.c"><Option compilerVar="CC"/></Unit>
    <Unit filename="lib/buffer/buffer_prefetch.c"><Option compilerVar="CC"/></Unit>
    <Unit filename="lib/buffer/buffer_put.c"><Option compilerVar="CC"/></Unit>
    <Unit filename="lib/buffer/buffer_putflush.c"><Option compilerVar="CC"/></Unit>
    <Unit filename="lib/buffer/buffer_putm_internal.c"><Option compilerVar="CC"/></Unit>
    <Unit filename="lib/buffer/buffer_putnlflush.c"><Option compilerVar="CC"/></Unit>
    <Unit filename="lib/buffer/buffer_puts.c"><Option compilerVar="CC"/></Unit>
    <Unit filename="lib/buffer/buffer_stubborn.c"><Option compilerVar="CC"/></Unit>
    <Unit filename="lib/buffer/buffer_stubborn2.c"><Option compilerVar="CC"/></Unit>
    <Unit filename="lib/buffer/buffer_truncfile.c"><Option compilerVar="CC"/></Unit>
    <Unit filename="lib/byte.h"><Option compilerVar="CC"/></Unit>
    <Unit filename="lib/byte/byte_copy.c"><Option compilerVar="CC"/></Unit>
    <Unit filename="lib/byte/byte_zero.c"><Option compilerVar="CC"/></Unit>
    <Unit filename="lib/mmap.h"><Option compilerVar="CC"/></Unit>
    <Unit filename="lib/mmap/mmap_private.c"><Option compilerVar="CC"/></Unit>
    <Unit filename="lib/open.h"><Option compilerVar="CC"/></Unit>
    <Unit filename="lib/open/open_read.c"><Option compilerVar="CC"/></Unit>
    <Unit filename="lib/open/open_trunc.c"><Option compilerVar="CC"/></Unit>
    <Unit filename="lib/str.h"><Option compilerVar="CC"/></Unit>
    <Unit filename="lib/str/str_basename.c"><Option compilerVar="CC"/></Unit>
    <Unit filename="lib/str/str_case_diff.c"><Option compilerVar="CC"/></Unit>
    <Unit filename="lib/str/str_case_equal.c"><Option compilerVar="CC"/></Unit>
    <Unit filename="lib/str/str_diff.c"><Option compilerVar="CC"/></Unit>
    <Unit filename="lib/str/str_len.c"><Option compilerVar="CC"/></Unit>
    <Unit filename="lib/str/str_rchr.c"><Option compilerVar="CC"/></Unit>
    <Unit filename="lib/str/str_rchrs.c"><Option compilerVar="CC"/></Unit>
    <Unit filename="lib/unix/getopt.c"><Option compilerVar="CC"/></Unit>
    <Extensions>
      <envvars/>
      <code_completion/>
      <lib_finder disable_auto="1"/>
      <debugger/>
    </Extensions>
  </Project>
</CodeBlocks_project_file>
