<?xml version="1.0" encoding="UTF-8" standalone="yes"?>
<CodeBlocks_project_file>
  <FileVersion major="1" minor="6"/>
  <Project>
    <Option title="httptest"/>
    <Option pch_mode="2"/>
    <Option compiler="gcc"/>
    <Option virtualFolders="Lib/;"/>
    <Build>
      <Target title="Debug">
        <Option output="bin/Debug/httptest" prefix_auto="1" extension_auto="1"/>
        <Option object_output="obj/Debug/"/>
        <Option type="1"/>
        <Option compiler="gcc"/>
        <Compiler>
          <Add option="-g"/>
          <Add option="-DINLINE=inline"/>
          <Add option="-DUSE_WIDECHAR=0"/>
          <Add option="-D_FILE_OFFSET_BITS=64"/>
          <Add option="-D_LARGEFILE_SOURCE=1"/>
          <Add option="-D_GNU_SOURCE=1"/>
          <Add option="-DNDEBUG=1"/>
          <Add directory="."/>
          <Add directory="lib"/>
        </Compiler>
        <Linker>
          <Add option="-static-libstdc++"/>
          <Add option="-static-libgcc"/>
        </Linker>
      </Target>
      <Target title="Release">
        <Option output="bin/Release/httptest" prefix_auto="1" extension_auto="1"/>
        <Option object_output="obj/Release/"/>
        <Option type="1"/>
        <Option compiler="gcc"/>
        <Compiler>
          <Add option="-O2"/>
          <Add option="-DINLINE=inline"/>
          <Add option="-DUSE_WIDECHAR=0"/>
          <Add option="-D_FILE_OFFSET_BITS=64"/>
          <Add option="-D_LARGEFILE_SOURCE=1"/>
          <Add option="-D_GNU_SOURCE=1"/>
          <Add option="-DNDEBUG=1"/>
          <Add directory="."/>
          <Add directory="lib"/>
        </Compiler>
        <Linker>
          <Add option="-s"/>
          <Add option="-static-libstdc++"/>
          <Add option="-static-libgcc"/>
        </Linker>
      </Target>
    </Build>
    <Compiler>
      <Add option="-w"/>
    </Compiler>
    <Unit filename="httptest.c">
      <Option compilerVar="CC"/>
    </Unit>
    <Unit filename="lib/buffer_1.c">
      <Option compilerVar="CC"/>
    </Unit>
    <Unit filename="lib/buffer_2.c">
      <Option compilerVar="CC"/>
    </Unit>
    <Unit filename="lib/buffer_feed.c">
      <Option compilerVar="CC"/>
    </Unit>
    <Unit filename="lib/buffer_flush.c">
      <Option compilerVar="CC"/>
    </Unit>
    <Unit filename="lib/buffer_get.c">
      <Option compilerVar="CC"/>
    </Unit>
    <Unit filename="lib/buffer_getc.c">
      <Option compilerVar="CC"/>
    </Unit>
    <Unit filename="lib/buffer_getline.c">
      <Option compilerVar="CC"/>
    </Unit>
    <Unit filename="lib/buffer_get_token.c">
      <Option compilerVar="CC"/>
    </Unit>
    <Unit filename="lib/buffer_init.c">
      <Option compilerVar="CC"/>
    </Unit>
    <Unit filename="lib/buffer_put.c">
      <Option compilerVar="CC"/>
    </Unit>
    <Unit filename="lib/buffer_putflush.c">
      <Option compilerVar="CC"/>
    </Unit>
    <Unit filename="lib/buffer_putlong.c">
      <Option compilerVar="CC"/>
    </Unit>
    <Unit filename="lib/buffer_putnlflush.c">
      <Option compilerVar="CC"/>
    </Unit>
    <Unit filename="lib/buffer_putsa.c">
      <Option compilerVar="CC"/>
    </Unit>
    <Unit filename="lib/buffer_puts.c">
      <Option compilerVar="CC"/>
    </Unit>
    <Unit filename="lib/buffer_putulong.c">
      <Option compilerVar="CC"/>
    </Unit>
    <Unit filename="lib/buffer_stubborn2.c">
      <Option compilerVar="CC"/>
    </Unit>
    <Unit filename="lib/buffer_stubborn.c">
      <Option compilerVar="CC"/>
    </Unit>
    <Unit filename="lib/byte_chr.c">
      <Option compilerVar="CC"/>
    </Unit>
    <Unit filename="lib/byte_copy.c">
      <Option compilerVar="CC"/>
    </Unit>
    <Unit filename="lib/byte_zero.c">
      <Option compilerVar="CC"/>
    </Unit>
    <Unit filename="lib/fmt_long.c">
      <Option compilerVar="CC"/>
    </Unit>
    <Unit filename="lib/fmt_ulong.c">
      <Option compilerVar="CC"/>
    </Unit>
    <Unit filename="lib/http_get.c">
      <Option compilerVar="CC"/>
    </Unit>
    <Unit filename="lib/http_init.c">
      <Option compilerVar="CC"/>
    </Unit>
    <Unit filename="lib/http_readable.c">
      <Option compilerVar="CC"/>
    </Unit>
    <Unit filename="lib/http_sendreq.c">
      <Option compilerVar="CC"/>
    </Unit>
    <Unit filename="lib/iarray_allocate.c">
      <Option compilerVar="CC"/>
    </Unit>
    <Unit filename="lib/iarray_get.c">
      <Option compilerVar="CC"/>
    </Unit>
    <Unit filename="lib/iarray_init.c">
      <Option compilerVar="CC"/>
    </Unit>
    <Unit filename="lib/io_fd.c">
      <Option compilerVar="CC"/>
    </Unit>
    <Unit filename="lib/io_nonblock.c">
      <Option compilerVar="CC"/>
    </Unit>
    <Unit filename="lib/iopause.c">
      <Option compilerVar="CC"/>
    </Unit>
    <Unit filename="lib/ndelay_on.c">
      <Option compilerVar="CC"/>
    </Unit>
    <Unit filename="lib/scan_fromhex.c">
      <Option compilerVar="CC"/>
    </Unit>
    <Unit filename="lib/scan_xlong.c">
      <Option compilerVar="CC"/>
    </Unit>
    <Unit filename="lib/socket_connect4.c">
      <Option compilerVar="CC"/>
    </Unit>
    <Unit filename="lib/socket_tcp4b.c">
      <Option compilerVar="CC"/>
    </Unit>
    <Unit filename="lib/socket_tcp4.c">
      <Option compilerVar="CC"/>
    </Unit>
    <Unit filename="lib/stralloc_append.c">
      <Option compilerVar="CC"/>
    </Unit>
    <Unit filename="lib/stralloc_catb.c">
      <Option compilerVar="CC"/>
    </Unit>
    <Unit filename="lib/stralloc_copyb.c">
      <Option compilerVar="CC"/>
    </Unit>
    <Unit filename="lib/stralloc_copys.c">
      <Option compilerVar="CC"/>
    </Unit>
    <Unit filename="lib/stralloc_init.c">
      <Option compilerVar="CC"/>
    </Unit>
    <Unit filename="lib/stralloc_ready.c">
      <Option compilerVar="CC"/>
    </Unit>
    <Unit filename="lib/stralloc_readyplus.c">
      <Option compilerVar="CC"/>
    </Unit>
    <Unit filename="lib/str_chr.c">
      <Option compilerVar="CC"/>
    </Unit>
    <Unit filename="lib/str_len.c">
      <Option compilerVar="CC"/>
    </Unit>
    <Unit filename="lib/taia_approx.c">
      <Option compilerVar="CC"/>
    </Unit>
    <Unit filename="lib/taia_frac.c">
      <Option compilerVar="CC"/>
    </Unit>
    <Unit filename="lib/taia_less.c">
      <Option compilerVar="CC"/>
    </Unit>
    <Unit filename="lib/taia_sub.c">
      <Option compilerVar="CC"/>
    </Unit>
    <Unit filename="lib/taia_uint.c">
      <Option compilerVar="CC"/>
    </Unit>
    <Unit filename="lib/uint16_pack_big.c">
      <Option compilerVar="CC"/>
    </Unit>
    <Extensions>
      <envvars/>
      <code_completion/>
      <lib_finder disable_auto="1"/>
      <debugger/>
    </Extensions>
  </Project>
</CodeBlocks_project_file>
