<?xml version="1.0" encoding="UTF-8" standalone="yes"?>
<CodeBlocks_project_file>
  <FileVersion major="1" minor="6"/>
  <Project>
    <Option title="picc18-wrapper"/>
    <Option pch_mode="2"/>
    <Option compiler="gcc"/>
    <Option virtualFolders="Lib/;"/>
    <Build>
      <Target title="Debug">
        <Option output="bin/Debug/picc18-wrapper" prefix_auto="1" extension_auto="1"/>
        <Option object_output="obj/Debug/"/>
        <Option type="1"/>
        <Option compiler="gcc"/>
        <Compiler>
          <Add option="-Wextra"/>
          <Add option="-Wall"/>
          <Add option="-g"/>
          <Add option="-ggdb -O0"/>
          <Add option="-DINLINE=inline"/>
          <Add option="-DUSE_WIDECHAR=0"/>
          <Add option="-D_FILE_OFFSET_BITS=64"/>
          <Add option="-D_LARGEFILE_SOURCE=1"/>
          <Add option="-D_GNU_SOURCE=1"/>
          <Add option="-DDEBUG"/>
          <!--           
          <Add option="-g"/> //-->
          <Add directory="."/>
          <Add directory="lib"/>
        </Compiler>
        <Linker>
        </Linker>
      </Target>
      <Target title="Release">
        <Option output="bin/Release/picc18-wrapper" prefix_auto="1" extension_auto="1"/>
        <Option object_output="obj/Release/"/>
        <Option type="1"/>
        <Option compiler="gcc"/>
        <Compiler>
          <Add option="-fomit-frame-pointer"/>
          <Add option="-fexpensive-optimizations"/>
          <Add option="-Os"/>
          <Add option="-w"/>
          <Add option="-ffast-math"/>
          <Add option="-DINLINE=inline"/>
          <Add option="-DUSE_WIDECHAR=0"/>
          <Add option="-D_FILE_OFFSET_BITS=64"/>
          <Add option="-D_LARGEFILE_SOURCE=1"/>
          <Add option="-D_GNU_SOURCE=1"/>
          <Add option="-DNDEBUG=1"/>
          <!--           
          <Add option="-O2"/> //-->
          <Add directory="."/>
          <Add directory="lib"/>
        </Compiler>
        <Linker>
        </Linker>
      </Target>
    </Build>
    <Compiler>
      <Add option="-w"/>
    </Compiler>
    <Unit filename="lib/buffer.h">
      <Option compilerVar="CC"/>
    </Unit>
    <Unit filename="lib/byte.h">
      <Option compilerVar="CC"/>
    </Unit>
    <Unit filename="lib/dir.h">
      <Option compilerVar="CC"/>
    </Unit>
    <Unit filename="lib/fmt.h">
      <Option compilerVar="CC"/>
    </Unit>
    <Unit filename="lib/str.h">
      <Option compilerVar="CC"/>
    </Unit>
    <Unit filename="lib/stralloc.h">
      <Option compilerVar="CC"/>
    </Unit>
    <Unit filename="lib/strlist.h">
      <Option compilerVar="CC"/>
    </Unit>
    <Unit filename="lib/buffer_1.c">
      <Option compilerVar="CC"/>
    </Unit>
    <Unit filename="lib/buffer_2.c">
      <Option compilerVar="CC"/>
    </Unit>
    <Unit filename="lib/buffer_flush.c">
      <Option compilerVar="CC"/>
    </Unit>
    <Unit filename="lib/buffer_put.c">
      <Option compilerVar="CC"/>
    </Unit>
    <Unit filename="lib/buffer_putflush.c">
      <Option compilerVar="CC"/>
    </Unit>
    <Unit filename="lib/buffer_putlong.c">
      <Option compilerVar="CC"/>
    </Unit>
    <Unit filename="lib/buffer_putnlflush.c">
      <Option compilerVar="CC"/>
    </Unit>
    <Unit filename="lib/buffer_puts.c">
      <Option compilerVar="CC"/>
    </Unit>
    <Unit filename="lib/buffer_putsa.c">
      <Option compilerVar="CC"/>
    </Unit>
    <Unit filename="lib/buffer_stubborn.c">
      <Option compilerVar="CC"/>
    </Unit>
    <Unit filename="lib/byte_copy.c">
      <Option compilerVar="CC"/>
    </Unit>
    <Unit filename="lib/byte_rchr.c">
      <Option compilerVar="CC"/>
    </Unit>
    <Unit filename="compiler-wrapper.c">
      <Option compilerVar="CC"/>
    </Unit>
    <Unit filename="lib/dir_close.c">
      <Option compilerVar="CC"/>
    </Unit>
    <Unit filename="lib/dir_open.c">
      <Option compilerVar="CC"/>
    </Unit>
    <Unit filename="lib/dir_read.c">
      <Option compilerVar="CC"/>
    </Unit>
    <Unit filename="lib/dir_type.c">
      <Option compilerVar="CC"/>
    </Unit>
    <Unit filename="lib/fmt_long.c">
      <Option compilerVar="CC"/>
    </Unit>
    <Unit filename="lib/fmt_ulong.c">
      <Option compilerVar="CC"/>
    </Unit>
    <Unit filename="lib/stralloc_append.c">
      <Option compilerVar="CC"/>
    </Unit>
    <Unit filename="lib/stralloc_cat.c">
      <Option compilerVar="CC"/>
    </Unit>
    <Unit filename="lib/stralloc_catb.c">
      <Option compilerVar="CC"/>
    </Unit>
    <Unit filename="lib/stralloc_cats.c">
      <Option compilerVar="CC"/>
    </Unit>
    <Unit filename="lib/stralloc_copy.c">
      <Option compilerVar="CC"/>
    </Unit>
    <Unit filename="lib/stralloc_copyb.c">
      <Option compilerVar="CC"/>
    </Unit>
    <Unit filename="lib/stralloc_copys.c">
      <Option compilerVar="CC"/>
    </Unit>
    <Unit filename="lib/stralloc_free.c">
      <Option compilerVar="CC"/>
    </Unit>
    <Unit filename="lib/stralloc_init.c">
      <Option compilerVar="CC"/>
    </Unit>
    <Unit filename="lib/stralloc_ready.c">
      <Option compilerVar="CC"/>
    </Unit>
    <Unit filename="lib/stralloc_readyplus.c">
      <Option compilerVar="CC"/>
    </Unit>
    <Unit filename="lib/strlist_at.c">
      <Option compilerVar="CC"/>
    </Unit>
    <Unit filename="lib/strlist_cat.c">
      <Option compilerVar="CC"/>
    </Unit>
    <Unit filename="lib/strlist_count.c">
      <Option compilerVar="CC"/>
    </Unit>
    <Unit filename="lib/strlist_index_of.c">
      <Option compilerVar="CC"/>
    </Unit>
    <Unit filename="lib/strlist_push.c">
      <Option compilerVar="CC"/>
    </Unit>
    <Unit filename="lib/strlist_pushm_internal.c">
      <Option compilerVar="CC"/>
    </Unit>
    <Unit filename="lib/strlist_push_sa.c">
      <Option compilerVar="CC"/>
    </Unit>
    <Unit filename="lib/strlist_push_unique.c">
      <Option compilerVar="CC"/>
    </Unit>
    <Unit filename="lib/strlist_to_argv.c">
      <Option compilerVar="CC"/>
    </Unit>
    <Unit filename="lib/strlist_unshift.c">
      <Option compilerVar="CC"/>
    </Unit>
    <Unit filename="lib/str_basename.c">
      <Option compilerVar="CC"/>
    </Unit>
    <Unit filename="lib/str_diff.c">
      <Option compilerVar="CC"/>
    </Unit>
    <Unit filename="lib/str_diffn.c">
      <Option compilerVar="CC"/>
    </Unit>
    <Unit filename="lib/str_dup.c">
      <Option compilerVar="CC"/>
    </Unit>
    <Unit filename="lib/str_len.c">
      <Option compilerVar="CC"/>
    </Unit>
    <Unit filename="lib/str_rchr.c">
      <Option compilerVar="CC"/>
    </Unit>
    <Extensions>
      <envvars/>
      <code_completion/>
      <lib_finder disable_auto="1"/>
      <debugger/>
    </Extensions>
  </Project>
</CodeBlocks_project_file>
