<?xml version="1.0" encoding="UTF-8" standalone="yes"?>
<CodeBlocks_project_file>
  <FileVersion major="1" minor="6"/>
  <Project>
    <Option title="xc8-wrapper"/>
    <Option pch_mode="2"/>
    <Option compiler="gcc"/>
    <Option virtualFolders="Lib/;"/>
    <Build>
      <Target title="Debug">
        <Option output="bin/Debug/xc8-wrapper" prefix_auto="1" extension_auto="1"/>
        <Option object_output="obj/Debug/"/>
        <Option type="1"/>
        <Option compiler="gcc"/>
        <Compiler>
          <Add option="-Wextra"/>
          <Add option="-Wall"/>
          <Add option="-g"/>
          <Add option="-ggdb -O0"/>
          <Add option="-DINLINE=inline"/>
          <Add option="-DUSE_WIDECHAR=0"/>
          <Add option="-D_FILE_OFFSET_BITS=64"/>
          <Add option="-D_LARGEFILE_SOURCE=1"/>
          <Add option="-D_GNU_SOURCE=1"/>
          <Add option="-DDEBUG"/>
          <!--           
          <Add option="-g"/> //-->
          <Add directory="."/>
          <Add directory="lib"/>
        </Compiler>
        <Linker>
        </Linker>
      </Target>
      <Target title="Release">
        <Option output="bin/Release/xc8-wrapper" prefix_auto="1" extension_auto="1"/>
        <Option object_output="obj/Release/"/>
        <Option type="1"/>
        <Option compiler="gcc"/>
        <Compiler>
          <Add option="-fomit-frame-pointer"/>
          <Add option="-fexpensive-optimizations"/>
          <Add option="-Os"/>
          <Add option="-w"/>
          <Add option="-ffast-math"/>
          <Add option="-DINLINE=inline"/>
          <Add option="-DUSE_WIDECHAR=0"/>
          <Add option="-D_FILE_OFFSET_BITS=64"/>
          <Add option="-D_LARGEFILE_SOURCE=1"/>
          <Add option="-D_GNU_SOURCE=1"/>
          <Add option="-DNDEBUG=1"/>
          <!--           
          <Add option="-O2"/> //-->
          <Add directory="."/>
          <Add directory="lib"/>
        </Compiler>
        <Linker>
        </Linker>
      </Target>
    </Build>
    <Compiler>
      <Add option="-w"/>
    </Compiler>

    <Unit filename="compiler-wrapper.c lib/buffer/buffer_1.c lib/buffer/buffer_2.c lib/buffer/buffer_flush.c lib/buffer/buffer_put.c lib/buffer/buffer_putflush.c lib/buffer/buffer_putlong.c lib/buffer/buffer_putnc.c lib/buffer/buffer_putnlflush.c lib/buffer/buffer_puts.c lib/buffer/buffer_putsa.c lib/buffer/buffer_stubborn.c lib/byte/byte_chr.c lib/byte/byte_copy.c lib/byte/byte_copyr.c lib/byte/byte_diff.c lib/byte/byte_equal.c lib/byte/byte_rchr.c lib/byte/byte_zero.c lib/dir/dir_close.c lib/dir/dir_open.c lib/dir/dir_read.c lib/dir/dir_type.c lib/fmt/fmt_long.c lib/fmt/fmt_ulong.c lib/rdir/rdir_close.c lib/rdir/rdir_open.c lib/rdir/rdir_read.c lib/str/str_basename.c lib/str/str_case_diffn.c lib/str/str_diff.c lib/str/str_diffn.c lib/str/str_dup.c lib/str/str_len.c lib/str/str_rchr.c lib/str/str_rchrs.c lib/stralloc/stralloc_append.c lib/stralloc/stralloc_cat.c lib/stralloc/stralloc_catb.c lib/stralloc/stralloc_catc.c lib/stralloc/stralloc_cats.c lib/stralloc/stralloc_catwcb.c lib/stralloc/stralloc_catwcs.c lib/stralloc/stralloc_copy.c lib/stralloc/stralloc_copyb.c lib/stralloc/stralloc_copys.c lib/stralloc/stralloc_copywcb.c lib/stralloc/stralloc_copywcs.c lib/stralloc/stralloc_init.c lib/stralloc/stralloc_insertb.c lib/stralloc/stralloc_ready.c lib/stralloc/stralloc_readyplus.c lib/strlist/strlist_at.c lib/strlist/strlist_cat.c lib/strlist/strlist_count.c lib/strlist/strlist_index_of.c lib/strlist/strlist_push.c lib/strlist/strlist_push_sa.c lib/strlist/strlist_push_unique.c lib/strlist/strlist_pushm_internal.c lib/strlist/strlist_to_argv.c lib/strlist/strlist_unshift.c"><Option compilerVar="CC" /></Unit>
    <Extensions>
      <envvars/>
      <code_completion/>
      <lib_finder disable_auto="1"/>
      <debugger/>
    </Extensions>
  </Project>
</CodeBlocks_project_file>
